// !$*UTF8*$!
{
	archiveVersion = 1;
	classes = {
	};
	objectVersion = 50;
	objects = {

/* Begin PBXBuildFile section */
		FFBF748624FA984A007A5B8F /* AppDelegate.swift in Sources */ = {isa = PBXBuildFile; fileRef = FFBF748524FA984A007A5B8F /* AppDelegate.swift */; };
		FFBF748824FA984A007A5B8F /* SceneDelegate.swift in Sources */ = {isa = PBXBuildFile; fileRef = FFBF748724FA984A007A5B8F /* SceneDelegate.swift */; };
		FFBF748A24FA984A007A5B8F /* ViewController.swift in Sources */ = {isa = PBXBuildFile; fileRef = FFBF748924FA984A007A5B8F /* ViewController.swift */; };
		FFBF748D24FA984A007A5B8F /* Main.storyboard in Resources */ = {isa = PBXBuildFile; fileRef = FFBF748B24FA984A007A5B8F /* Main.storyboard */; };
		FFBF748F24FA984B007A5B8F /* Assets.xcassets in Resources */ = {isa = PBXBuildFile; fileRef = FFBF748E24FA984B007A5B8F /* Assets.xcassets */; };
		FFBF749224FA984B007A5B8F /* LaunchScreen.storyboard in Resources */ = {isa = PBXBuildFile; fileRef = FFBF749024FA984B007A5B8F /* LaunchScreen.storyboard */; };
		FFBF749F24FABE43007A5B8F /* UserInfo.swift in Sources */ = {isa = PBXBuildFile; fileRef = FFBF749E24FABE43007A5B8F /* UserInfo.swift */; };
/* End PBXBuildFile section */

/* Begin PBXFileReference section */
		FFBF748224FA984A007A5B8F /* MyApp.app */ = {isa = PBXFileReference; explicitFileType = wrapper.application; includeInIndex = 0; path = MyApp.app; sourceTree = BUILT_PRODUCTS_DIR; };
		FFBF748524FA984A007A5B8F /* AppDelegate.swift */ = {isa = PBXFileReference; lastKnownFileType = sourcecode.swift; path = AppDelegate.swift; sourceTree = "<group>"; };
		FFBF748724FA984A007A5B8F /* SceneDelegate.swift */ = {isa = PBXFileReference; lastKnownFileType = sourcecode.swift; path = SceneDelegate.swift; sourceTree = "<group>"; };
		FFBF748924FA984A007A5B8F /* ViewController.swift */ = {isa = PBXFileReference; lastKnownFileType = sourcecode.swift; path = ViewController.swift; sourceTree = "<group>"; };
		FFBF748C24FA984A007A5B8F /* Base */ = {isa = PBXFileReference; lastKnownFileType = file.storyboard; name = Base; path = Base.lproj/Main.storyboard; sourceTree = "<group>"; };
		FFBF748E24FA984B007A5B8F /* Assets.xcassets */ = {isa = PBXFileReference; lastKnownFileType = folder.assetcatalog; path = Assets.xcassets; sourceTree = "<group>"; };
		FFBF749124FA984B007A5B8F /* Base */ = {isa = PBXFileReference; lastKnownFileType = file.storyboard; name = Base; path = Base.lproj/LaunchScreen.storyboard; sourceTree = "<group>"; };
		FFBF749324FA984B007A5B8F /* Info.plist */ = {isa = PBXFileReference; lastKnownFileType = text.plist.xml; path = Info.plist; sourceTree = "<group>"; };
		FFBF749E24FABE43007A5B8F /* UserInfo.swift */ = {isa = PBXFileReference; lastKnownFileType = sourcecode.swift; path = UserInfo.swift; sourceTree = "<group>"; };
/* End PBXFileReference section */

/* Begin PBXFrameworksBuildPhase section */
		FFBF747F24FA984A007A5B8F /* Frameworks */ = {
			isa = PBXFrameworksBuildPhase;
			buildActionMask = 2147483647;
			files = (
			);
			runOnlyForDeploymentPostprocessing = 0;
		};
/* End PBXFrameworksBuildPhase section */

/* Begin PBXGroup section */
		FFBF747924FA984A007A5B8F = {
			isa = PBXGroup;
			children = (
				FFBF748424FA984A007A5B8F /* MyApp */,
				FFBF748324FA984A007A5B8F /* Products */,
			);
			sourceTree = "<group>";
		};
		FFBF748324FA984A007A5B8F /* Products */ = {
			isa = PBXGroup;
			children = (
				FFBF748224FA984A007A5B8F /* MyApp.app */,
			);
			name = Products;
			sourceTree = "<group>";
		};
		FFBF748424FA984A007A5B8F /* MyApp */ = {
			isa = PBXGroup;
			children = (
				FFBF749A24FAA41D007A5B8F /* ViewControllers */,
				FFBF749D24FAA461007A5B8F /* Models */,
				FFBF749924FAA40C007A5B8F /* Storyboards */,
				FFBF749B24FAA435007A5B8F /* SupportingFiles */,
				FFBF749C24FAA44B007A5B8F /* Sources */,
			);
			path = MyApp;
			sourceTree = "<group>";
		};
		FFBF749924FAA40C007A5B8F /* Storyboards */ = {
			isa = PBXGroup;
			children = (
				FFBF748B24FA984A007A5B8F /* Main.storyboard */,
				FFBF749024FA984B007A5B8F /* LaunchScreen.storyboard */,
			);
			path = Storyboards;
			sourceTree = "<group>";
		};
		FFBF749A24FAA41D007A5B8F /* ViewControllers */ = {
			isa = PBXGroup;
			children = (
				FFBF748924FA984A007A5B8F /* ViewController.swift */,
			);
			path = ViewControllers;
			sourceTree = "<group>";
		};
		FFBF749B24FAA435007A5B8F /* SupportingFiles */ = {
			isa = PBXGroup;
			children = (
				FFBF748524FA984A007A5B8F /* AppDelegate.swift */,
				FFBF748724FA984A007A5B8F /* SceneDelegate.swift */,
				FFBF749324FA984B007A5B8F /* Info.plist */,
			);
			path = SupportingFiles;
			sourceTree = "<group>";
		};
		FFBF749C24FAA44B007A5B8F /* Sources */ = {
			isa = PBXGroup;
			children = (
				FFBF748E24FA984B007A5B8F /* Assets.xcassets */,
			);
			path = Sources;
			sourceTree = "<group>";
		};
		FFBF749D24FAA461007A5B8F /* Models */ = {
			isa = PBXGroup;
			children = (
				FFBF749E24FABE43007A5B8F /* UserInfo.swift */,
			);
			path = Models;
			sourceTree = "<group>";
		};
/* End PBXGroup section */

/* Begin PBXNativeTarget section */
		FFBF748124FA984A007A5B8F /* MyApp */ = {
			isa = PBXNativeTarget;
			buildConfigurationList = FFBF749624FA984B007A5B8F /* Build configuration list for PBXNativeTarget "MyApp" */;
			buildPhases = (
				FFBF747E24FA984A007A5B8F /* Sources */,
				FFBF747F24FA984A007A5B8F /* Frameworks */,
				FFBF748024FA984A007A5B8F /* Resources */,
			);
			buildRules = (
			);
			dependencies = (
			);
			name = MyApp;
			productName = MyApp;
			productReference = FFBF748224FA984A007A5B8F /* MyApp.app */;
			productType = "com.apple.product-type.application";
		};
/* End PBXNativeTarget section */

/* Begin PBXProject section */
		FFBF747A24FA984A007A5B8F /* Project object */ = {
			isa = PBXProject;
			attributes = {
				LastSwiftUpdateCheck = 1160;
				LastUpgradeCheck = 1160;
				ORGANIZATIONNAME = "Vladimir Stepanchikov";
				TargetAttributes = {
					FFBF748124FA984A007A5B8F = {
						CreatedOnToolsVersion = 11.6;
					};
				};
			};
			buildConfigurationList = FFBF747D24FA984A007A5B8F /* Build configuration list for PBXProject "MyApp" */;
			compatibilityVersion = "Xcode 9.3";
			developmentRegion = en;
			hasScannedForEncodings = 0;
			knownRegions = (
				en,
				Base,
			);
			mainGroup = FFBF747924FA984A007A5B8F;
			productRefGroup = FFBF748324FA984A007A5B8F /* Products */;
			projectDirPath = "";
			projectRoot = "";
			targets = (
				FFBF748124FA984A007A5B8F /* MyApp */,
			);
		};
/* End PBXProject section */

/* Begin PBXResourcesBuildPhase section */
		FFBF748024FA984A007A5B8F /* Resources */ = {
			isa = PBXResourcesBuildPhase;
			buildActionMask = 2147483647;
			files = (
				FFBF749224FA984B007A5B8F /* LaunchScreen.storyboard in Resources */,
				FFBF748F24FA984B007A5B8F /* Assets.xcassets in Resources */,
				FFBF748D24FA984A007A5B8F /* Main.storyboard in Resources */,
			);
			runOnlyForDeploymentPostprocessing = 0;
		};
/* End PBXResourcesBuildPhase section */

/* Begin PBXSourcesBuildPhase section */
		FFBF747E24FA984A007A5B8F /* Sources */ = {
			isa = PBXSourcesBuildPhase;
			buildActionMask = 2147483647;
			files = (
				FFBF749F24FABE43007A5B8F /* UserInfo.swift in Sources */,
				FFBF748A24FA984A007A5B8F /* ViewController.swift in Sources */,
				FFBF748624FA984A007A5B8F /* AppDelegate.swift in Sources */,
				FFBF748824FA984A007A5B8F /* SceneDelegate.swift in Sources */,
			);
			runOnlyForDeploymentPostprocessing = 0;
		};
/* End PBXSourcesBuildPhase section */

/* Begin PBXVariantGroup section */
		FFBF748B24FA984A007A5B8F /* Main.storyboard */ = {
			isa = PBXVariantGroup;
			children = (
				FFBF748C24FA984A007A5B8F /* Base */,
			);
			name = Main.storyboard;
			sourceTree = "<group>";
		};
		FFBF749024FA984B007A5B8F /* LaunchScreen.storyboard */ = {
			isa = PBXVariantGroup;
			children = (
				FFBF749124FA984B007A5B8F /* Base */,
			);
			name = LaunchScreen.storyboard;
			sourceTree = "<group>";
		};
/* End PBXVariantGroup section */

/* Begin XCBuildConfiguration section */
		FFBF749424FA984B007A5B8F /* Debug */ = {
			isa = XCBuildConfiguration;
			buildSettings = {
				ALWAYS_SEARCH_USER_PATHS = NO;
				CLANG_ANALYZER_NONNULL = YES;
				CLANG_ANALYZER_NUMBER_OBJECT_CONVERSION = YES_AGGRESSIVE;
				CLANG_CXX_LANGUAGE_STANDARD = "gnu++14";
				CLANG_CXX_LIBRARY = "libc++";
				CLANG_ENABLE_MODULES = YES;
				CLANG_ENABLE_OBJC_ARC = YES;
				CLANG_ENABLE_OBJC_WEAK = YES;
				CLANG_WARN_BLOCK_CAPTURE_AUTORELEASING = YES;
				CLANG_WARN_BOOL_CONVERSION = YES;
				CLANG_WARN_COMMA = YES;
				CLANG_WARN_CONSTANT_CONVERSION = YES;
				CLANG_WARN_DEPRECATED_OBJC_IMPLEMENTATIONS = YES;
				CLANG_WARN_DIRECT_OBJC_ISA_USAGE = YES_ERROR;
				CLANG_WARN_DOCUMENTATION_COMMENTS = YES;
				CLANG_WARN_EMPTY_BODY = YES;
				CLANG_WARN_ENUM_CONVERSION = YES;
				CLANG_WARN_INFINITE_RECURSION = YES;
				CLANG_WARN_INT_CONVERSION = YES;
				CLANG_WARN_NON_LITERAL_NULL_CONVERSION = YES;
				CLANG_WARN_OBJC_IMPLICIT_RETAIN_SELF = YES;
				CLANG_WARN_OBJC_LITERAL_CONVERSION = YES;
				CLANG_WARN_OBJC_ROOT_CLASS = YES_ERROR;
				CLANG_WARN_RANGE_LOOP_ANALYSIS = YES;
				CLANG_WARN_STRICT_PROTOTYPES = YES;
				CLANG_WARN_SUSPICIOUS_MOVE = YES;
				CLANG_WARN_UNGUARDED_AVAILABILITY = YES_AGGRESSIVE;
				CLANG_WARN_UNREACHABLE_CODE = YES;
				CLANG_WARN__DUPLICATE_METHOD_MATCH = YES;
				COPY_PHASE_STRIP = NO;
				DEBUG_INFORMATION_FORMAT = dwarf;
				ENABLE_STRICT_OBJC_MSGSEND = YES;
				ENABLE_TESTABILITY = YES;
				GCC_C_LANGUAGE_STANDARD = gnu11;
				GCC_DYNAMIC_NO_PIC = NO;
				GCC_NO_COMMON_BLOCKS = YES;
				GCC_OPTIMIZATION_LEVEL = 0;
				GCC_PREPROCESSOR_DEFINITIONS = (
					"DEBUG=1",
					"$(inherited)",
				);
				GCC_WARN_64_TO_32_BIT_CONVERSION = YES;
				GCC_WARN_ABOUT_RETURN_TYPE = YES_ERROR;
				GCC_WARN_UNDECLARED_SELECTOR = YES;
				GCC_WARN_UNINITIALIZED_AUTOS = YES_AGGRESSIVE;
				GCC_WARN_UNUSED_FUNCTION = YES;
				GCC_WARN_UNUSED_VARIABLE = YES;
				IPHONEOS_DEPLOYMENT_TARGET = 13.6;
				MTL_ENABLE_DEBUG_INFO = INCLUDE_SOURCE;
				MTL_FAST_MATH = YES;
				ONLY_ACTIVE_ARCH = YES;
				SDKROOT = iphoneos;
				SWIFT_ACTIVE_COMPILATION_CONDITIONS = DEBUG;
				SWIFT_OPTIMIZATION_LEVEL = "-Onone";
			};
			name = Debug;
		};
		FFBF749524FA984B007A5B8F /* Release */ = {
			isa = XCBuildConfiguration;
			buildSettings = {
				ALWAYS_SEARCH_USER_PATHS = NO;
				CLANG_ANALYZER_NONNULL = YES;
				CLANG_ANALYZER_NUMBER_OBJECT_CONVERSION = YES_AGGRESSIVE;
				CLANG_CXX_LANGUAGE_STANDARD = "gnu++14";
				CLANG_CXX_LIBRARY = "libc++";
				CLANG_ENABLE_MODULES = YES;
				CLANG_ENABLE_OBJC_ARC = YES;
				CLANG_ENABLE_OBJC_WEAK = YES;
				CLANG_WARN_BLOCK_CAPTURE_AUTORELEASING = YES;
				CLANG_WARN_BOOL_CONVERSION = YES;
				CLANG_WARN_COMMA = YES;
				CLANG_WARN_CONSTANT_CONVERSION = YES;
				CLANG_WARN_DEPRECATED_OBJC_IMPLEMENTATIONS = YES;
				CLANG_WARN_DIRECT_OBJC_ISA_USAGE = YES_ERROR;
				CLANG_WARN_DOCUMENTATION_COMMENTS = YES;
				CLANG_WARN_EMPTY_BODY = YES;
				CLANG_WARN_ENUM_CONVERSION = YES;
				CLANG_WARN_INFINITE_RECURSION = YES;
				CLANG_WARN_INT_CONVERSION = YES;
				CLANG_WARN_NON_LITERAL_NULL_CONVERSION = YES;
				CLANG_WARN_OBJC_IMPLICIT_RETAIN_SELF = YES;
				CLANG_WARN_OBJC_LITERAL_CONVERSION = YES;
				CLANG_WARN_OBJC_ROOT_CLASS = YES_ERROR;
				CLANG_WARN_RANGE_LOOP_ANALYSIS = YES;
				CLANG_WARN_STRICT_PROTOTYPES = YES;
				CLANG_WARN_SUSPICIOUS_MOVE = YES;
				CLANG_WARN_UNGUARDED_AVAILABILITY = YES_AGGRESSIVE;
				CLANG_WARN_UNREACHABLE_CODE = YES;
				CLANG_WARN__DUPLICATE_METHOD_MATCH = YES;
				COPY_PHASE_STRIP = NO;
				DEBUG_INFORMATION_FORMAT = "dwarf-with-dsym";
				ENABLE_NS_ASSERTIONS = NO;
				ENABLE_STRICT_OBJC_MSGSEND = YES;
				GCC_C_LANGUAGE_STANDARD = gnu11;
				GCC_NO_COMMON_BLOCKS = YES;
				GCC_WARN_64_TO_32_BIT_CONVERSION = YES;
				GCC_WARN_ABOUT_RETURN_TYPE = YES_ERROR;
				GCC_WARN_UNDECLARED_SELECTOR = YES;
				GCC_WARN_UNINITIALIZED_AUTOS = YES_AGGRESSIVE;
				GCC_WARN_UNUSED_FUNCTION = YES;
				GCC_WARN_UNUSED_VARIABLE = YES;
				IPHONEOS_DEPLOYMENT_TARGET = 13.6;
				MTL_ENABLE_DEBUG_INFO = NO;
				MTL_FAST_MATH = YES;
				SDKROOT = iphoneos;
				SWIFT_COMPILATION_MODE = wholemodule;
				SWIFT_OPTIMIZATION_LEVEL = "-O";
				VALIDATE_PRODUCT = YES;
			};
			name = Release;
		};
		FFBF749724FA984B007A5B8F /* Debug */ = {
			isa = XCBuildConfiguration;
			buildSettings = {
				ASSETCATALOG_COMPILER_APPICON_NAME = AppIcon;
				CODE_SIGN_STYLE = Automatic;
				INFOPLIST_FILE = MyApp/SupportingFiles/Info.plist;
				LD_RUNPATH_SEARCH_PATHS = (
					"$(inherited)",
					"@executable_path/Frameworks",
				);
				PRODUCT_BUNDLE_IDENTIFIER = VS.MyApp;
				PRODUCT_NAME = "$(TARGET_NAME)";
				SWIFT_VERSION = 5.0;
				TARGETED_DEVICE_FAMILY = "1,2";
			};
			name = Debug;
		};
		FFBF749824FA984B007A5B8F /* Release */ = {
			isa = XCBuildConfiguration;
			buildSettings = {
				ASSETCATALOG_COMPILER_APPICON_NAME = AppIcon;
				CODE_SIGN_STYLE = Automatic;
				INFOPLIST_FILE = MyApp/SupportingFiles/Info.plist;
				LD_RUNPATH_SEARCH_PATHS = (
					"$(inherited)",
					"@executable_path/Frameworks",
				);
				PRODUCT_BUNDLE_IDENTIFIER = VS.MyApp;
				PRODUCT_NAME = "$(TARGET_NAME)";
				SWIFT_VERSION = 5.0;
				TARGETED_DEVICE_FAMILY = "1,2";
			};
			name = Release;
		};
/* End XCBuildConfiguration section */

/* Begin XCConfigurationList section */
		FFBF747D24FA984A007A5B8F /* Build configuration list for PBXProject "MyApp" */ = {
			isa = XCConfigurationList;
			buildConfigurations = (
				FFBF749424FA984B007A5B8F /* Debug */,
				FFBF749524FA984B007A5B8F /* Release */,
			);
			defaultConfigurationIsVisible = 0;
			defaultConfigurationName = Release;
		};
		FFBF749624FA984B007A5B8F /* Build configuration list for PBXNativeTarget "MyApp" */ = {
			isa = XCConfigurationList;
			buildConfigurations = (
				FFBF749724FA984B007A5B8F /* Debug */,
				FFBF749824FA984B007A5B8F /* Release */,
			);
			defaultConfigurationIsVisible = 0;
			defaultConfigurationName = Release;
		};
/* End XCConfigurationList section */
	};
	rootObject = FFBF747A24FA984A007A5B8F /* Project object */;
}
